{
    "_meta": {
        "hash": {
            "sha256": "5465b4c5260c81674fe0977d460ce288babcb74a618224ee5a3b9cb707fe624e"
        },
        "pipfile-spec": 6,
        "requires": {},
        "sources": [
            {
                "name": "pypi",
                "url": "https://pypi.python.org/simple",
                "verify_ssl": true
            }
        ]
    },
    "default": {
        "django": {
            "hashes": [
                "sha256:2cfb83859bfaa10e2bd586340bead27c69fdcaa21fa683a008cc712482c26726",
                "sha256:7a6ebe254ab126510da143628d019ca8d6da2de49d7682bf046c03713a3c2c61"
            ],
            "index": "pypi",
            "version": "==1.10.6"
        }
    },
    "develop": {}
}
